
Microsoft Visual Studio Solution File, Format Version 12.00
# Visual Studio Version 17
VisualStudioVersion = 17.3.32819.101
MinimumVisualStudioVersion = 10.0.40219.1
Project("{FAE04EC0-301F-11D3-BF4B-00C04F79EFBC}") = "Calculator", "Calculator\Calculator.csproj", "{07C39650-22E0-4D31-8A32-2C545E8CF8C1}"
EndProject
Project("{FAE04EC0-301F-11D3-BF4B-00C04F79EFBC}") = "Calculator.Tests", "..\..\test\Calculator.Tests\Calculator.Tests.csproj", "{A8490EB7-9B39-4B7A-932A-4B0ACD1A8F46}"
EndProject
Global
	GlobalSection(SolutionConfigurationPlatforms) = preSolution
		Debug|Any CPU = Debug|Any CPU
		Release|Any CPU = Release|Any CPU
	EndGlobalSection
	GlobalSection(ProjectConfigurationPlatforms) = postSolution
		{07C39650-22E0-4D31-8A32-2C545E8CF8C1}.Debug|Any CPU.ActiveCfg = Debug|Any CPU
		{07C39650-22E0-4D31-8A32-2C545E8CF8C1}.Debug|Any CPU.Build.0 = Debug|Any CPU
		{07C39650-22E0-4D31-8A32-2C545E8CF8C1}.Release|Any CPU.ActiveCfg = Release|Any CPU
		{07C39650-22E0-4D31-8A32-2C545E8CF8C1}.Release|Any CPU.Build.0 = Release|Any CPU
		{A8490EB7-9B39-4B7A-932A-4B0ACD1A8F46}.Debug|Any CPU.ActiveCfg = Debug|Any CPU
		{A8490EB7-9B39-4B7A-932A-4B0ACD1A8F46}.Debug|Any CPU.Build.0 = Debug|Any CPU
		{A8490EB7-9B39-4B7A-932A-4B0ACD1A8F46}.Release|Any CPU.ActiveCfg = Release|Any CPU
		{A8490EB7-9B39-4B7A-932A-4B0ACD1A8F46}.Release|Any CPU.Build.0 = Release|Any CPU
	EndGlobalSection
	GlobalSection(SolutionProperties) = preSolution
		HideSolutionNode = FALSE
	EndGlobalSection
	GlobalSection(ExtensibilityGlobals) = postSolution
		SolutionGuid = {29F7CD1E-E006-4F3E-B9C7-761DF3B17F39}
	EndGlobalSection
EndGlobal
